// !$*UTF8*$!
{
	archiveVersion = 1;
	classes = {
	};
	objectVersion = 46;
	objects = {

/* Begin PBXBuildFile section */
		FC9B3D6C1E4A94C400ED371E /* AppDelegate.swift in Sources */ = {isa = PBXBuildFile; fileRef = FC9B3D6B1E4A94C400ED371E /* AppDelegate.swift */; };
		FC9B3D6E1E4A94C400ED371E /* ViewController.swift in Sources */ = {isa = PBXBuildFile; fileRef = FC9B3D6D1E4A94C400ED371E /* ViewController.swift */; };
		FC9B3D711E4A94C400ED371E /* Main.storyboard in Resources */ = {isa = PBXBuildFile; fileRef = FC9B3D6F1E4A94C400ED371E /* Main.storyboard */; };
		FC9B3D731E4A94C400ED371E /* Assets.xcassets in Resources */ = {isa = PBXBuildFile; fileRef = FC9B3D721E4A94C400ED371E /* Assets.xcassets */; };
		FC9B3D761E4A94C400ED371E /* LaunchScreen.storyboard in Resources */ = {isa = PBXBuildFile; fileRef = FC9B3D741E4A94C400ED371E /* LaunchScreen.storyboard */; };
		FC9B3D7E1E4AADC200ED371E /* MagnifiedViewController.swift in Sources */ = {isa = PBXBuildFile; fileRef = FC9B3D7D1E4AADC200ED371E /* MagnifiedViewController.swift */; };
/* End PBXBuildFile section */

/* Begin PBXFileReference section */
		FC9B3D681E4A94C400ED371E /* TipCalc.app */ = {isa = PBXFileReference; explicitFileType = wrapper.application; includeInIndex = 0; path = TipCalc.app; sourceTree = BUILT_PRODUCTS_DIR; };
		FC9B3D6B1E4A94C400ED371E /* AppDelegate.swift */ = {isa = PBXFileReference; lastKnownFileType = sourcecode.swift; path = AppDelegate.swift; sourceTree = "<group>"; };
		FC9B3D6D1E4A94C400ED371E /* ViewController.swift */ = {isa = PBXFileReference; lastKnownFileType = sourcecode.swift; path = ViewController.swift; sourceTree = "<group>"; };
		FC9B3D701E4A94C400ED371E /* Base */ = {isa = PBXFileReference; lastKnownFileType = file.storyboard; name = Base; path = Base.lproj/Main.storyboard; sourceTree = "<group>"; };
		FC9B3D721E4A94C400ED371E /* Assets.xcassets */ = {isa = PBXFileReference; lastKnownFileType = folder.assetcatalog; path = Assets.xcassets; sourceTree = "<group>"; };
		FC9B3D751E4A94C400ED371E /* Base */ = {isa = PBXFileReference; lastKnownFileType = file.storyboard; name = Base; path = Base.lproj/LaunchScreen.storyboard; sourceTree = "<group>"; };
		FC9B3D771E4A94C400ED371E /* Info.plist */ = {isa = PBXFileReference; lastKnownFileType = text.plist.xml; path = Info.plist; sourceTree = "<group>"; };
		FC9B3D7D1E4AADC200ED371E /* MagnifiedViewController.swift */ = {isa = PBXFileReference; fileEncoding = 4; lastKnownFileType = sourcecode.swift; path = MagnifiedViewController.swift; sourceTree = "<group>"; };
/* End PBXFileReference section */

/* Begin PBXFrameworksBuildPhase section */
		FC9B3D651E4A94C400ED371E /* Frameworks */ = {
			isa = PBXFrameworksBuildPhase;
			buildActionMask = 2147483647;
			files = (
			);
			runOnlyForDeploymentPostprocessing = 0;
		};
/* End PBXFrameworksBuildPhase section */

/* Begin PBXGroup section */
		FC9B3D5F1E4A94C400ED371E = {
			isa = PBXGroup;
			children = (
				FC9B3D6A1E4A94C400ED371E /* TipCalc */,
				FC9B3D691E4A94C400ED371E /* Products */,
			);
			sourceTree = "<group>";
		};
		FC9B3D691E4A94C400ED371E /* Products */ = {
			isa = PBXGroup;
			children = (
				FC9B3D681E4A94C400ED371E /* TipCalc.app */,
			);
			name = Products;
			sourceTree = "<group>";
		};
		FC9B3D6A1E4A94C400ED371E /* TipCalc */ = {
			isa = PBXGroup;
			children = (
				FC9B3D6B1E4A94C400ED371E /* AppDelegate.swift */,
				FC9B3D6D1E4A94C400ED371E /* ViewController.swift */,
				FC9B3D7D1E4AADC200ED371E /* MagnifiedViewController.swift */,
				FC9B3D6F1E4A94C400ED371E /* Main.storyboard */,
				FC9B3D721E4A94C400ED371E /* Assets.xcassets */,
				FC9B3D741E4A94C400ED371E /* LaunchScreen.storyboard */,
				FC9B3D771E4A94C400ED371E /* Info.plist */,
			);
			path = TipCalc;
			sourceTree = "<group>";
		};
/* End PBXGroup section */

/* Begin PBXNativeTarget section */
		FC9B3D671E4A94C400ED371E /* TipCalc */ = {
			isa = PBXNativeTarget;
			buildConfigurationList = FC9B3D7A1E4A94C400ED371E /* Build configuration list for PBXNativeTarget "TipCalc" */;
			buildPhases = (
				FC9B3D641E4A94C400ED371E /* Sources */,
				FC9B3D651E4A94C400ED371E /* Frameworks */,
				FC9B3D661E4A94C400ED371E /* Resources */,
			);
			buildRules = (
			);
			dependencies = (
			);
			name = TipCalc;
			productName = TipCalc;
			productReference = FC9B3D681E4A94C400ED371E /* TipCalc.app */;
			productType = "com.apple.product-type.application";
		};
/* End PBXNativeTarget section */

/* Begin PBXProject section */
		FC9B3D601E4A94C400ED371E /* Project object */ = {
			isa = PBXProject;
			attributes = {
				LastSwiftUpdateCheck = 0820;
				LastUpgradeCheck = 0820;
				ORGANIZATIONNAME = "Shana Appel";
				TargetAttributes = {
					FC9B3D671E4A94C400ED371E = {
						CreatedOnToolsVersion = 8.2.1;
						ProvisioningStyle = Automatic;
					};
				};
			};
			buildConfigurationList = FC9B3D631E4A94C400ED371E /* Build configuration list for PBXProject "TipCalc" */;
			compatibilityVersion = "Xcode 3.2";
			developmentRegion = English;
			hasScannedForEncodings = 0;
			knownRegions = (
				en,
				Base,
			);
			mainGroup = FC9B3D5F1E4A94C400ED371E;
			productRefGroup = FC9B3D691E4A94C400ED371E /* Products */;
			projectDirPath = "";
			projectRoot = "";
			targets = (
				FC9B3D671E4A94C400ED371E /* TipCalc */,
			);
		};
/* End PBXProject section */

/* Begin PBXResourcesBuildPhase section */
		FC9B3D661E4A94C400ED371E /* Resources */ = {
			isa = PBXResourcesBuildPhase;
			buildActionMask = 2147483647;
			files = (
				FC9B3D761E4A94C400ED371E /* LaunchScreen.storyboard in Resources */,
				FC9B3D731E4A94C400ED371E /* Assets.xcassets in Resources */,
				FC9B3D711E4A94C400ED371E /* Main.storyboard in Resources */,
			);
			runOnlyForDeploymentPostprocessing = 0;
		};
/* End PBXResourcesBuildPhase section */

/* Begin PBXSourcesBuildPhase section */
		FC9B3D641E4A94C400ED371E /* Sources */ = {
			isa = PBXSourcesBuildPhase;
			buildActionMask = 2147483647;
			files = (
				FC9B3D6E1E4A94C400ED371E /* ViewController.swift in Sources */,
				FC9B3D7E1E4AADC200ED371E /* MagnifiedViewController.swift in Sources */,
				FC9B3D6C1E4A94C400ED371E /* AppDelegate.swift in Sources */,
			);
			runOnlyForDeploymentPostprocessing = 0;
		};
/* End PBXSourcesBuildPhase section */

/* Begin PBXVariantGroup section */
		FC9B3D6F1E4A94C400ED371E /* Main.storyboard */ = {
			isa = PBXVariantGroup;
			children = (
				FC9B3D701E4A94C400ED371E /* Base */,
			);
			name = Main.storyboard;
			sourceTree = "<group>";
		};
		FC9B3D741E4A94C400ED371E /* LaunchScreen.storyboard */ = {
			isa = PBXVariantGroup;
			children = (
				FC9B3D751E4A94C400ED371E /* Base */,
			);
			name = LaunchScreen.storyboard;
			sourceTree = "<group>";
		};
/* End PBXVariantGroup section */

/* Begin XCBuildConfiguration section */
		FC9B3D781E4A94C400ED371E /* Debug */ = {
			isa = XCBuildConfiguration;
			buildSettings = {
				ALWAYS_SEARCH_USER_PATHS = NO;
				CLANG_ANALYZER_NONNULL = YES;
				CLANG_CXX_LANGUAGE_STANDARD = "gnu++0x";
				CLANG_CXX_LIBRARY = "libc++";
				CLANG_ENABLE_MODULES = YES;
				CLANG_ENABLE_OBJC_ARC = YES;
				CLANG_WARN_BOOL_CONVERSION = YES;
				CLANG_WARN_CONSTANT_CONVERSION = YES;
				CLANG_WARN_DIRECT_OBJC_ISA_USAGE = YES_ERROR;
				CLANG_WARN_DOCUMENTATION_COMMENTS = YES;
				CLANG_WARN_EMPTY_BODY = YES;
				CLANG_WARN_ENUM_CONVERSION = YES;
				CLANG_WARN_INFINITE_RECURSION = YES;
				CLANG_WARN_INT_CONVERSION = YES;
				CLANG_WARN_OBJC_ROOT_CLASS = YES_ERROR;
				CLANG_WARN_SUSPICIOUS_MOVE = YES;
				CLANG_WARN_UNREACHABLE_CODE = YES;
				CLANG_WARN__DUPLICATE_METHOD_MATCH = YES;
				"CODE_SIGN_IDENTITY[sdk=iphoneos*]" = "iPhone Developer";
				COPY_PHASE_STRIP = NO;
				DEBUG_INFORMATION_FORMAT = dwarf;
				ENABLE_STRICT_OBJC_MSGSEND = YES;
				ENABLE_TESTABILITY = YES;
				GCC_C_LANGUAGE_STANDARD = gnu99;
				GCC_DYNAMIC_NO_PIC = NO;
				GCC_NO_COMMON_BLOCKS = YES;
				GCC_OPTIMIZATION_LEVEL = 0;
				GCC_PREPROCESSOR_DEFINITIONS = (
					"DEBUG=1",
					"$(inherited)",
				);
				GCC_WARN_64_TO_32_BIT_CONVERSION = YES;
				GCC_WARN_ABOUT_RETURN_TYPE = YES_ERROR;
				GCC_WARN_UNDECLARED_SELECTOR = YES;
				GCC_WARN_UNINITIALIZED_AUTOS = YES_AGGRESSIVE;
				GCC_WARN_UNUSED_FUNCTION = YES;
				GCC_WARN_UNUSED_VARIABLE = YES;
				IPHONEOS_DEPLOYMENT_TARGET = 10.2;
				MTL_ENABLE_DEBUG_INFO = YES;
				ONLY_ACTIVE_ARCH = YES;
				SDKROOT = iphoneos;
				SWIFT_ACTIVE_COMPILATION_CONDITIONS = DEBUG;
				SWIFT_OPTIMIZATION_LEVEL = "-Onone";
			};
			name = Debug;
		};
		FC9B3D791E4A94C400ED371E /* Release */ = {
			isa = XCBuildConfiguration;
			buildSettings = {
				ALWAYS_SEARCH_USER_PATHS = NO;
				CLANG_ANALYZER_NONNULL = YES;
				CLANG_CXX_LANGUAGE_STANDARD = "gnu++0x";
				CLANG_CXX_LIBRARY = "libc++";
				CLANG_ENABLE_MODULES = YES;
				CLANG_ENABLE_OBJC_ARC = YES;
				CLANG_WARN_BOOL_CONVERSION = YES;
				CLANG_WARN_CONSTANT_CONVERSION = YES;
				CLANG_WARN_DIRECT_OBJC_ISA_USAGE = YES_ERROR;
				CLANG_WARN_DOCUMENTATION_COMMENTS = YES;
				CLANG_WARN_EMPTY_BODY = YES;
				CLANG_WARN_ENUM_CONVERSION = YES;
				CLANG_WARN_INFINITE_RECURSION = YES;
				CLANG_WARN_INT_CONVERSION = YES;
				CLANG_WARN_OBJC_ROOT_CLASS = YES_ERROR;
				CLANG_WARN_SUSPICIOUS_MOVE = YES;
				CLANG_WARN_UNREACHABLE_CODE = YES;
				CLANG_WARN__DUPLICATE_METHOD_MATCH = YES;
				"CODE_SIGN_IDENTITY[sdk=iphoneos*]" = "iPhone Developer";
				COPY_PHASE_STRIP = NO;
				DEBUG_INFORMATION_FORMAT = "dwarf-with-dsym";
				ENABLE_NS_ASSERTIONS = NO;
				ENABLE_STRICT_OBJC_MSGSEND = YES;
				GCC_C_LANGUAGE_STANDARD = gnu99;
				GCC_NO_COMMON_BLOCKS = YES;
				GCC_WARN_64_TO_32_BIT_CONVERSION = YES;
				GCC_WARN_ABOUT_RETURN_TYPE = YES_ERROR;
				GCC_WARN_UNDECLARED_SELECTOR = YES;
				GCC_WARN_UNINITIALIZED_AUTOS = YES_AGGRESSIVE;
				GCC_WARN_UNUSED_FUNCTION = YES;
				GCC_WARN_UNUSED_VARIABLE = YES;
				IPHONEOS_DEPLOYMENT_TARGET = 10.2;
				MTL_ENABLE_DEBUG_INFO = NO;
				SDKROOT = iphoneos;
				SWIFT_OPTIMIZATION_LEVEL = "-Owholemodule";
				VALIDATE_PRODUCT = YES;
			};
			name = Release;
		};
		FC9B3D7B1E4A94C400ED371E /* Debug */ = {
			isa = XCBuildConfiguration;
			buildSettings = {
				ASSETCATALOG_COMPILER_APPICON_NAME = AppIcon;
				INFOPLIST_FILE = TipCalc/Info.plist;
				LD_RUNPATH_SEARCH_PATHS = "$(inherited) @executable_path/Frameworks";
				PRODUCT_BUNDLE_IDENTIFIER = com.shaan.appel.TipCalc;
				PRODUCT_NAME = "$(TARGET_NAME)";
				SWIFT_VERSION = 3.0;
			};
			name = Debug;
		};
		FC9B3D7C1E4A94C400ED371E /* Release */ = {
			isa = XCBuildConfiguration;
			buildSettings = {
				ASSETCATALOG_COMPILER_APPICON_NAME = AppIcon;
				INFOPLIST_FILE = TipCalc/Info.plist;
				LD_RUNPATH_SEARCH_PATHS = "$(inherited) @executable_path/Frameworks";
				PRODUCT_BUNDLE_IDENTIFIER = com.shaan.appel.TipCalc;
				PRODUCT_NAME = "$(TARGET_NAME)";
				SWIFT_VERSION = 3.0;
			};
			name = Release;
		};
/* End XCBuildConfiguration section */

/* Begin XCConfigurationList section */
		FC9B3D631E4A94C400ED371E /* Build configuration list for PBXProject "TipCalc" */ = {
			isa = XCConfigurationList;
			buildConfigurations = (
				FC9B3D781E4A94C400ED371E /* Debug */,
				FC9B3D791E4A94C400ED371E /* Release */,
			);
			defaultConfigurationIsVisible = 0;
			defaultConfigurationName = Release;
		};
		FC9B3D7A1E4A94C400ED371E /* Build configuration list for PBXNativeTarget "TipCalc" */ = {
			isa = XCConfigurationList;
			buildConfigurations = (
				FC9B3D7B1E4A94C400ED371E /* Debug */,
				FC9B3D7C1E4A94C400ED371E /* Release */,
			);
			defaultConfigurationIsVisible = 0;
		};
/* End XCConfigurationList section */
	};
	rootObject = FC9B3D601E4A94C400ED371E /* Project object */;
}
